Microsoft Visual Studio Solution File, Format Version 12.00
# Visual Studio Version 17
VisualStudioVersion = 17.0.31903.59
MinimumVisualStudioVersion = 10.0.40219.1
Project("{8BC9CEB8-8B4A-11D0-8D11-00A0C91BC942}") = "liblua", "liblua\liblua.vcxproj", "{7F61C084-458F-4E83-B38A-EBF4B2F83F03}"
EndProject
Project("{8BC9CEB8-8B4A-11D0-8D11-00A0C91BC942}") = "lua", "lua\lua.vcxproj", "{B28B0340-A772-4262-BA51-749265D12EAB}"
	ProjectSection(ProjectDependencies) = postProject
		{7F61C084-458F-4E83-B38A-EBF4B2F83F03} = {7F61C084-458F-4E83-B38A-EBF4B2F83F03}
	EndProjectSection
EndProject
Project("{8BC9CEB8-8B4A-11D0-8D11-00A0C91BC942}") = "luac", "luac\luac.vcxproj", "{6CAAD710-BEB0-418C-BABC-2B1A002BB3D6}"
	ProjectSection(ProjectDependencies) = postProject
		{7F61C084-458F-4E83-B38A-EBF4B2F83F03} = {7F61C084-458F-4E83-B38A-EBF4B2F83F03}
	EndProjectSection
EndProject
Global
	GlobalSection(SolutionConfigurationPlatforms) = preSolution
		vs2022_Debug|x64 = vs2022_Debug|x64
		vs2022_Debug|x86 = vs2022_Debug|x86
		vs2022_Release|x64 = vs2022_Release|x64
		vs2022_Release|x86 = vs2022_Release|x86
	EndGlobalSection
	GlobalSection(ProjectConfigurationPlatforms) = postSolution
		{7F61C084-458F-4E83-B38A-EBF4B2F83F03}.vs2022_Debug|x64.ActiveCfg = vs2022_Debug|x64
		{7F61C084-458F-4E83-B38A-EBF4B2F83F03}.vs2022_Debug|x64.Build.0 = vs2022_Debug|x64
		{7F61C084-458F-4E83-B38A-EBF4B2F83F03}.vs2022_Debug|x86.ActiveCfg = vs2022_Debug|Win32
		{7F61C084-458F-4E83-B38A-EBF4B2F83F03}.vs2022_Debug|x86.Build.0 = vs2022_Debug|Win32
		{7F61C084-458F-4E83-B38A-EBF4B2F83F03}.vs2022_Release|x64.ActiveCfg = vs2022_Release|x64
		{7F61C084-458F-4E83-B38A-EBF4B2F83F03}.vs2022_Release|x64.Build.0 = vs2022_Release|x64
		{7F61C084-458F-4E83-B38A-EBF4B2F83F03}.vs2022_Release|x86.ActiveCfg = vs2022_Release|Win32
		{7F61C084-458F-4E83-B38A-EBF4B2F83F03}.vs2022_Release|x86.Build.0 = vs2022_Release|Win32
		{B28B0340-A772-4262-BA51-749265D12EAB}.vs2022_Debug|x64.ActiveCfg = vs2022_Debug|x64
		{B28B0340-A772-4262-BA51-749265D12EAB}.vs2022_Debug|x64.Build.0 = vs2022_Debug|x64
		{B28B0340-A772-4262-BA51-749265D12EAB}.vs2022_Debug|x86.ActiveCfg = vs2022_Debug|Win32
		{B28B0340-A772-4262-BA51-749265D12EAB}.vs2022_Debug|x86.Build.0 = vs2022_Debug|Win32
		{B28B0340-A772-4262-BA51-749265D12EAB}.vs2022_Release|x64.ActiveCfg = vs2022_Release|x64
		{B28B0340-A772-4262-BA51-749265D12EAB}.vs2022_Release|x64.Build.0 = vs2022_Release|x64
		{B28B0340-A772-4262-BA51-749265D12EAB}.vs2022_Release|x86.ActiveCfg = vs2022_Release|Win32
		{B28B0340-A772-4262-BA51-749265D12EAB}.vs2022_Release|x86.Build.0 = vs2022_Release|Win32
		{6CAAD710-BEB0-418C-BABC-2B1A002BB3D6}.vs2022_Debug|x64.ActiveCfg = vs2022_Debug|x64
		{6CAAD710-BEB0-418C-BABC-2B1A002BB3D6}.vs2022_Debug|x64.Build.0 = vs2022_Debug|x64
		{6CAAD710-BEB0-418C-BABC-2B1A002BB3D6}.vs2022_Debug|x86.ActiveCfg = vs2022_Debug|Win32
		{6CAAD710-BEB0-418C-BABC-2B1A002BB3D6}.vs2022_Debug|x86.Build.0 = vs2022_Debug|Win32
		{6CAAD710-BEB0-418C-BABC-2B1A002BB3D6}.vs2022_Release|x64.ActiveCfg = vs2022_Release|x64
		{6CAAD710-BEB0-418C-BABC-2B1A002BB3D6}.vs2022_Release|x64.Build.0 = vs2022_Release|x64
		{6CAAD710-BEB0-418C-BABC-2B1A002BB3D6}.vs2022_Release|x86.ActiveCfg = vs2022_Release|Win32
		{6CAAD710-BEB0-418C-BABC-2B1A002BB3D6}.vs2022_Release|x86.Build.0 = vs2022_Release|Win32
	EndGlobalSection
	GlobalSection(SolutionProperties) = preSolution
		HideSolutionNode = FALSE
	EndGlobalSection
	GlobalSection(ExtensibilityGlobals) = postSolution
		SolutionGuid = {1D20E230-9D63-484C-9DF1-730FD46A81ED}
	EndGlobalSection
EndGlobal
