Microsoft Visual Studio Solution File, Format Version 12.00
# Visual Studio Version 16
VisualStudioVersion = 16.0.28315.86
MinimumVisualStudioVersion = 10.0.40219.1
Project("{8BC9CEB8-8B4A-11D0-8D11-00A0C91BC942}") = "liblua", "liblua\liblua.vcxproj", "{7F61C084-458F-4E83-B38A-EBF4B2F83F03}"
EndProject
Project("{8BC9CEB8-8B4A-11D0-8D11-00A0C91BC942}") = "lua", "lua\lua.vcxproj", "{B28B0340-A772-4262-BA51-749265D12EAB}"
	ProjectSection(ProjectDependencies) = postProject
		{7F61C084-458F-4E83-B38A-EBF4B2F83F03} = {7F61C084-458F-4E83-B38A-EBF4B2F83F03}
	EndProjectSection
EndProject
Project("{8BC9CEB8-8B4A-11D0-8D11-00A0C91BC942}") = "luac", "luac\luac.vcxproj", "{6CAAD710-BEB0-418C-BABC-2B1A002BB3D6}"
	ProjectSection(ProjectDependencies) = postProject
		{7F61C084-458F-4E83-B38A-EBF4B2F83F03} = {7F61C084-458F-4E83-B38A-EBF4B2F83F03}
	EndProjectSection
EndProject
Global
	GlobalSection(SolutionConfigurationPlatforms) = preSolution
		Debug|Win32 = Debug|Win32
		Debug|x64 = Debug|x64
		Release|Win32 = Release|Win32
		Release|x64 = Release|x64
		vs2010_Debug|Win32 = vs2010_Debug|Win32
		vs2010_Debug|x64 = vs2010_Debug|x64
		vs2010_Release|Win32 = vs2010_Release|Win32
		vs2010_Release|x64 = vs2010_Release|x64
		vs2012_Debug|Win32 = vs2012_Debug|Win32
		vs2012_Debug|x64 = vs2012_Debug|x64
		vs2012_Release|Win32 = vs2012_Release|Win32
		vs2012_Release|x64 = vs2012_Release|x64
		vs2017_Debug|Win32 = vs2017_Debug|Win32
		vs2017_Debug|x64 = vs2017_Debug|x64
		vs2017_Release|Win32 = vs2017_Release|Win32
		vs2017_Release|x64 = vs2017_Release|x64
		vs2019_Debug|Win32 = vs2019_Debug|Win32
		vs2019_Debug|x64 = vs2019_Debug|x64
		vs2019_Release|Win32 = vs2019_Release|Win32
		vs2019_Release|x64 = vs2019_Release|x64
	EndGlobalSection
	GlobalSection(ProjectConfigurationPlatforms) = postSolution
		{7F61C084-458F-4E83-B38A-EBF4B2F83F03}.Debug|Win32.ActiveCfg = Debug|Win32
		{7F61C084-458F-4E83-B38A-EBF4B2F83F03}.Debug|Win32.Build.0 = Debug|Win32
		{7F61C084-458F-4E83-B38A-EBF4B2F83F03}.Debug|x64.ActiveCfg = Debug|x64
		{7F61C084-458F-4E83-B38A-EBF4B2F83F03}.Debug|x64.Build.0 = Debug|x64
		{7F61C084-458F-4E83-B38A-EBF4B2F83F03}.Release|Win32.ActiveCfg = Release|Win32
		{7F61C084-458F-4E83-B38A-EBF4B2F83F03}.Release|Win32.Build.0 = Release|Win32
		{7F61C084-458F-4E83-B38A-EBF4B2F83F03}.Release|x64.ActiveCfg = Release|x64
		{7F61C084-458F-4E83-B38A-EBF4B2F83F03}.Release|x64.Build.0 = Release|x64
		{7F61C084-458F-4E83-B38A-EBF4B2F83F03}.vs2010_Debug|Win32.ActiveCfg = vs2010_Debug|Win32
		{7F61C084-458F-4E83-B38A-EBF4B2F83F03}.vs2010_Debug|Win32.Build.0 = vs2010_Debug|Win32
		{7F61C084-458F-4E83-B38A-EBF4B2F83F03}.vs2010_Debug|x64.ActiveCfg = vs2010_Debug|x64
		{7F61C084-458F-4E83-B38A-EBF4B2F83F03}.vs2010_Debug|x64.Build.0 = vs2010_Debug|x64
		{7F61C084-458F-4E83-B38A-EBF4B2F83F03}.vs2010_Release|Win32.ActiveCfg = vs2010_Release|Win32
		{7F61C084-458F-4E83-B38A-EBF4B2F83F03}.vs2010_Release|Win32.Build.0 = vs2010_Release|Win32
		{7F61C084-458F-4E83-B38A-EBF4B2F83F03}.vs2010_Release|x64.ActiveCfg = vs2010_Release|x64
		{7F61C084-458F-4E83-B38A-EBF4B2F83F03}.vs2010_Release|x64.Build.0 = vs2010_Release|x64
		{7F61C084-458F-4E83-B38A-EBF4B2F83F03}.vs2012_Debug|Win32.ActiveCfg = vs2012_Debug|Win32
		{7F61C084-458F-4E83-B38A-EBF4B2F83F03}.vs2012_Debug|Win32.Build.0 = vs2012_Debug|Win32
		{7F61C084-458F-4E83-B38A-EBF4B2F83F03}.vs2012_Debug|x64.ActiveCfg = vs2012_Debug|x64
		{7F61C084-458F-4E83-B38A-EBF4B2F83F03}.vs2012_Debug|x64.Build.0 = vs2012_Debug|x64
		{7F61C084-458F-4E83-B38A-EBF4B2F83F03}.vs2012_Release|Win32.ActiveCfg = vs2012_Release|Win32
		{7F61C084-458F-4E83-B38A-EBF4B2F83F03}.vs2012_Release|Win32.Build.0 = vs2012_Release|Win32
		{7F61C084-458F-4E83-B38A-EBF4B2F83F03}.vs2012_Release|x64.ActiveCfg = vs2012_Release|x64
		{7F61C084-458F-4E83-B38A-EBF4B2F83F03}.vs2012_Release|x64.Build.0 = vs2012_Release|x64
		{7F61C084-458F-4E83-B38A-EBF4B2F83F03}.vs2017_Debug|Win32.ActiveCfg = vs2017_Debug|Win32
		{7F61C084-458F-4E83-B38A-EBF4B2F83F03}.vs2017_Debug|Win32.Build.0 = vs2017_Debug|Win32
		{7F61C084-458F-4E83-B38A-EBF4B2F83F03}.vs2017_Debug|x64.ActiveCfg = vs2017_Debug|x64
		{7F61C084-458F-4E83-B38A-EBF4B2F83F03}.vs2017_Debug|x64.Build.0 = vs2017_Debug|x64
		{7F61C084-458F-4E83-B38A-EBF4B2F83F03}.vs2017_Release|Win32.ActiveCfg = vs2017_Release|Win32
		{7F61C084-458F-4E83-B38A-EBF4B2F83F03}.vs2017_Release|Win32.Build.0 = vs2017_Release|Win32
		{7F61C084-458F-4E83-B38A-EBF4B2F83F03}.vs2017_Release|x64.ActiveCfg = vs2017_Release|x64
		{7F61C084-458F-4E83-B38A-EBF4B2F83F03}.vs2017_Release|x64.Build.0 = vs2017_Release|x64
		{7F61C084-458F-4E83-B38A-EBF4B2F83F03}.vs2019_Debug|Win32.ActiveCfg = vs2019_Debug|Win32
		{7F61C084-458F-4E83-B38A-EBF4B2F83F03}.vs2019_Debug|Win32.Build.0 = vs2019_Debug|Win32
		{7F61C084-458F-4E83-B38A-EBF4B2F83F03}.vs2019_Debug|x64.ActiveCfg = vs2019_Debug|x64
		{7F61C084-458F-4E83-B38A-EBF4B2F83F03}.vs2019_Debug|x64.Build.0 = vs2019_Debug|x64
		{7F61C084-458F-4E83-B38A-EBF4B2F83F03}.vs2019_Release|Win32.ActiveCfg = vs2019_Release|Win32
		{7F61C084-458F-4E83-B38A-EBF4B2F83F03}.vs2019_Release|Win32.Build.0 = vs2019_Release|Win32
		{7F61C084-458F-4E83-B38A-EBF4B2F83F03}.vs2019_Release|x64.ActiveCfg = vs2019_Release|x64
		{7F61C084-458F-4E83-B38A-EBF4B2F83F03}.vs2019_Release|x64.Build.0 = vs2019_Release|x64
		{B28B0340-A772-4262-BA51-749265D12EAB}.Debug|Win32.ActiveCfg = Debug|Win32
		{B28B0340-A772-4262-BA51-749265D12EAB}.Debug|Win32.Build.0 = Debug|Win32
		{B28B0340-A772-4262-BA51-749265D12EAB}.Debug|x64.ActiveCfg = Debug|x64
		{B28B0340-A772-4262-BA51-749265D12EAB}.Debug|x64.Build.0 = Debug|x64
		{B28B0340-A772-4262-BA51-749265D12EAB}.Release|Win32.ActiveCfg = Release|Win32
		{B28B0340-A772-4262-BA51-749265D12EAB}.Release|Win32.Build.0 = Release|Win32
		{B28B0340-A772-4262-BA51-749265D12EAB}.Release|x64.ActiveCfg = Release|x64
		{B28B0340-A772-4262-BA51-749265D12EAB}.Release|x64.Build.0 = Release|x64
		{B28B0340-A772-4262-BA51-749265D12EAB}.vs2010_Debug|Win32.ActiveCfg = vs2010_Debug|Win32
		{B28B0340-A772-4262-BA51-749265D12EAB}.vs2010_Debug|Win32.Build.0 = vs2010_Debug|Win32
		{B28B0340-A772-4262-BA51-749265D12EAB}.vs2010_Debug|x64.ActiveCfg = vs2010_Debug|x64
		{B28B0340-A772-4262-BA51-749265D12EAB}.vs2010_Debug|x64.Build.0 = vs2010_Debug|x64
		{B28B0340-A772-4262-BA51-749265D12EAB}.vs2010_Release|Win32.ActiveCfg = vs2010_Release|Win32
		{B28B0340-A772-4262-BA51-749265D12EAB}.vs2010_Release|Win32.Build.0 = vs2010_Release|Win32
		{B28B0340-A772-4262-BA51-749265D12EAB}.vs2010_Release|x64.ActiveCfg = vs2010_Release|x64
		{B28B0340-A772-4262-BA51-749265D12EAB}.vs2010_Release|x64.Build.0 = vs2010_Release|x64
		{B28B0340-A772-4262-BA51-749265D12EAB}.vs2012_Debug|Win32.ActiveCfg = vs2012_Debug|Win32
		{B28B0340-A772-4262-BA51-749265D12EAB}.vs2012_Debug|Win32.Build.0 = vs2012_Debug|Win32
		{B28B0340-A772-4262-BA51-749265D12EAB}.vs2012_Debug|x64.ActiveCfg = vs2012_Debug|x64
		{B28B0340-A772-4262-BA51-749265D12EAB}.vs2012_Debug|x64.Build.0 = vs2012_Debug|x64
		{B28B0340-A772-4262-BA51-749265D12EAB}.vs2012_Release|Win32.ActiveCfg = vs2012_Release|Win32
		{B28B0340-A772-4262-BA51-749265D12EAB}.vs2012_Release|Win32.Build.0 = vs2012_Release|Win32
		{B28B0340-A772-4262-BA51-749265D12EAB}.vs2012_Release|x64.ActiveCfg = vs2012_Release|x64
		{B28B0340-A772-4262-BA51-749265D12EAB}.vs2012_Release|x64.Build.0 = vs2012_Release|x64
		{B28B0340-A772-4262-BA51-749265D12EAB}.vs2017_Debug|Win32.ActiveCfg = vs2017_Debug|Win32
		{B28B0340-A772-4262-BA51-749265D12EAB}.vs2017_Debug|Win32.Build.0 = vs2017_Debug|Win32
		{B28B0340-A772-4262-BA51-749265D12EAB}.vs2017_Debug|x64.ActiveCfg = vs2017_Debug|x64
		{B28B0340-A772-4262-BA51-749265D12EAB}.vs2017_Debug|x64.Build.0 = vs2017_Debug|x64
		{B28B0340-A772-4262-BA51-749265D12EAB}.vs2017_Release|Win32.ActiveCfg = vs2017_Release|Win32
		{B28B0340-A772-4262-BA51-749265D12EAB}.vs2017_Release|Win32.Build.0 = vs2017_Release|Win32
		{B28B0340-A772-4262-BA51-749265D12EAB}.vs2017_Release|x64.ActiveCfg = vs2017_Release|x64
		{B28B0340-A772-4262-BA51-749265D12EAB}.vs2017_Release|x64.Build.0 = vs2017_Release|x64
		{B28B0340-A772-4262-BA51-749265D12EAB}.vs2019_Debug|Win32.ActiveCfg = vs2019_Debug|Win32
		{B28B0340-A772-4262-BA51-749265D12EAB}.vs2019_Debug|Win32.Build.0 = vs2019_Debug|Win32
		{B28B0340-A772-4262-BA51-749265D12EAB}.vs2019_Debug|x64.ActiveCfg = vs2019_Debug|x64
		{B28B0340-A772-4262-BA51-749265D12EAB}.vs2019_Debug|x64.Build.0 = vs2019_Debug|x64
		{B28B0340-A772-4262-BA51-749265D12EAB}.vs2019_Release|Win32.ActiveCfg = vs2019_Release|Win32
		{B28B0340-A772-4262-BA51-749265D12EAB}.vs2019_Release|Win32.Build.0 = vs2019_Release|Win32
		{B28B0340-A772-4262-BA51-749265D12EAB}.vs2019_Release|x64.ActiveCfg = vs2019_Release|x64
		{B28B0340-A772-4262-BA51-749265D12EAB}.vs2019_Release|x64.Build.0 = vs2019_Release|x64
		{6CAAD710-BEB0-418C-BABC-2B1A002BB3D6}.Debug|Win32.ActiveCfg = Debug|Win32
		{6CAAD710-BEB0-418C-BABC-2B1A002BB3D6}.Debug|Win32.Build.0 = Debug|Win32
		{6CAAD710-BEB0-418C-BABC-2B1A002BB3D6}.Debug|x64.ActiveCfg = Debug|x64
		{6CAAD710-BEB0-418C-BABC-2B1A002BB3D6}.Debug|x64.Build.0 = Debug|x64
		{6CAAD710-BEB0-418C-BABC-2B1A002BB3D6}.Release|Win32.ActiveCfg = Release|Win32
		{6CAAD710-BEB0-418C-BABC-2B1A002BB3D6}.Release|Win32.Build.0 = Release|Win32
		{6CAAD710-BEB0-418C-BABC-2B1A002BB3D6}.Release|x64.ActiveCfg = Release|x64
		{6CAAD710-BEB0-418C-BABC-2B1A002BB3D6}.Release|x64.Build.0 = Release|x64
		{6CAAD710-BEB0-418C-BABC-2B1A002BB3D6}.vs2010_Debug|Win32.ActiveCfg = vs2010_Debug|Win32
		{6CAAD710-BEB0-418C-BABC-2B1A002BB3D6}.vs2010_Debug|Win32.Build.0 = vs2010_Debug|Win32
		{6CAAD710-BEB0-418C-BABC-2B1A002BB3D6}.vs2010_Debug|x64.ActiveCfg = vs2010_Debug|x64
		{6CAAD710-BEB0-418C-BABC-2B1A002BB3D6}.vs2010_Debug|x64.Build.0 = vs2010_Debug|x64
		{6CAAD710-BEB0-418C-BABC-2B1A002BB3D6}.vs2010_Release|Win32.ActiveCfg = vs2010_Release|Win32
		{6CAAD710-BEB0-418C-BABC-2B1A002BB3D6}.vs2010_Release|Win32.Build.0 = vs2010_Release|Win32
		{6CAAD710-BEB0-418C-BABC-2B1A002BB3D6}.vs2010_Release|x64.ActiveCfg = vs2010_Release|x64
		{6CAAD710-BEB0-418C-BABC-2B1A002BB3D6}.vs2010_Release|x64.Build.0 = vs2010_Release|x64
		{6CAAD710-BEB0-418C-BABC-2B1A002BB3D6}.vs2012_Debug|Win32.ActiveCfg = vs2012_Debug|Win32
		{6CAAD710-BEB0-418C-BABC-2B1A002BB3D6}.vs2012_Debug|Win32.Build.0 = vs2012_Debug|Win32
		{6CAAD710-BEB0-418C-BABC-2B1A002BB3D6}.vs2012_Debug|x64.ActiveCfg = vs2012_Debug|x64
		{6CAAD710-BEB0-418C-BABC-2B1A002BB3D6}.vs2012_Debug|x64.Build.0 = vs2012_Debug|x64
		{6CAAD710-BEB0-418C-BABC-2B1A002BB3D6}.vs2012_Release|Win32.ActiveCfg = vs2012_Release|Win32
		{6CAAD710-BEB0-418C-BABC-2B1A002BB3D6}.vs2012_Release|Win32.Build.0 = vs2012_Release|Win32
		{6CAAD710-BEB0-418C-BABC-2B1A002BB3D6}.vs2012_Release|x64.ActiveCfg = vs2012_Release|x64
		{6CAAD710-BEB0-418C-BABC-2B1A002BB3D6}.vs2012_Release|x64.Build.0 = vs2012_Release|x64
		{6CAAD710-BEB0-418C-BABC-2B1A002BB3D6}.vs2017_Debug|Win32.ActiveCfg = vs2017_Debug|Win32
		{6CAAD710-BEB0-418C-BABC-2B1A002BB3D6}.vs2017_Debug|Win32.Build.0 = vs2017_Debug|Win32
		{6CAAD710-BEB0-418C-BABC-2B1A002BB3D6}.vs2017_Debug|x64.ActiveCfg = vs2017_Debug|x64
		{6CAAD710-BEB0-418C-BABC-2B1A002BB3D6}.vs2017_Debug|x64.Build.0 = vs2017_Debug|x64
		{6CAAD710-BEB0-418C-BABC-2B1A002BB3D6}.vs2017_Release|Win32.ActiveCfg = vs2017_Release|Win32
		{6CAAD710-BEB0-418C-BABC-2B1A002BB3D6}.vs2017_Release|Win32.Build.0 = vs2017_Release|Win32
		{6CAAD710-BEB0-418C-BABC-2B1A002BB3D6}.vs2017_Release|x64.ActiveCfg = vs2017_Release|x64
		{6CAAD710-BEB0-418C-BABC-2B1A002BB3D6}.vs2017_Release|x64.Build.0 = vs2017_Release|x64
		{6CAAD710-BEB0-418C-BABC-2B1A002BB3D6}.vs2019_Debug|Win32.ActiveCfg = vs2019_Debug|Win32
		{6CAAD710-BEB0-418C-BABC-2B1A002BB3D6}.vs2019_Debug|Win32.Build.0 = vs2019_Debug|Win32
		{6CAAD710-BEB0-418C-BABC-2B1A002BB3D6}.vs2019_Debug|x64.ActiveCfg = vs2019_Debug|x64
		{6CAAD710-BEB0-418C-BABC-2B1A002BB3D6}.vs2019_Debug|x64.Build.0 = vs2019_Debug|x64
		{6CAAD710-BEB0-418C-BABC-2B1A002BB3D6}.vs2019_Release|Win32.ActiveCfg = vs2019_Release|Win32
		{6CAAD710-BEB0-418C-BABC-2B1A002BB3D6}.vs2019_Release|Win32.Build.0 = vs2019_Release|Win32
		{6CAAD710-BEB0-418C-BABC-2B1A002BB3D6}.vs2019_Release|x64.ActiveCfg = vs2019_Release|x64
		{6CAAD710-BEB0-418C-BABC-2B1A002BB3D6}.vs2019_Release|x64.Build.0 = vs2019_Release|x64
	EndGlobalSection
	GlobalSection(SolutionProperties) = preSolution
		HideSolutionNode = FALSE
	EndGlobalSection
	GlobalSection(ExtensibilityGlobals) = postSolution
		SolutionGuid = {1D20E230-9D63-484C-9DF1-730FD46A81ED}
	EndGlobalSection
EndGlobal
